
Microsoft Visual Studio Solution File, Format Version 12.00
# Visual Studio Version 17
VisualStudioVersion = 17.9.34728.123
MinimumVisualStudioVersion = 10.0.40219.1
Project("{FAE04EC0-301F-11D3-BF4B-00C04F79EFBC}") = "FilterExempleSolution", "FilterExempleSolution\FilterExempleSolution.csproj", "{0814542B-743B-492E-AC34-BB160E818FAD}"
EndProject
Global
	GlobalSection(SolutionConfigurationPlatforms) = preSolution
		Debug|Any CPU = Debug|Any CPU
		Release|Any CPU = Release|Any CPU
	EndGlobalSection
	GlobalSection(ProjectConfigurationPlatforms) = postSolution
		{0814542B-743B-492E-AC34-BB160E818FAD}.Debug|Any CPU.ActiveCfg = Debug|Any CPU
		{0814542B-743B-492E-AC34-BB160E818FAD}.Debug|Any CPU.Build.0 = Debug|Any CPU
		{0814542B-743B-492E-AC34-BB160E818FAD}.Release|Any CPU.ActiveCfg = Release|Any CPU
		{0814542B-743B-492E-AC34-BB160E818FAD}.Release|Any CPU.Build.0 = Release|Any CPU
	EndGlobalSection
	GlobalSection(SolutionProperties) = preSolution
		HideSolutionNode = FALSE
	EndGlobalSection
	GlobalSection(ExtensibilityGlobals) = postSolution
		SolutionGuid = {27DEE66D-DC54-4C76-A69B-F00955278161}
	EndGlobalSection
EndGlobal
